
Microsoft Visual Studio Solution File, Format Version 12.00
# Visual Studio 15
VisualStudioVersion = 15.0.26730.15
MinimumVisualStudioVersion = 10.0.40219.1
Project("{FAE04EC0-301F-11D3-BF4B-00C04F79EFBC}") = "CanvasEjemplo", "CanvasEjemplo\CanvasEjemplo.csproj", "{577AFBE5-8C66-4451-BB42-955826455543}"
EndProject
Global
	GlobalSection(SolutionConfigurationPlatforms) = preSolution
		Debug|ARM = Debug|ARM
		Debug|x64 = Debug|x64
		Debug|x86 = Debug|x86
		Release|ARM = Release|ARM
		Release|x64 = Release|x64
		Release|x86 = Release|x86
	EndGlobalSection
	GlobalSection(ProjectConfigurationPlatforms) = postSolution
		{577AFBE5-8C66-4451-BB42-955826455543}.Debug|ARM.ActiveCfg = Debug|ARM
		{577AFBE5-8C66-4451-BB42-955826455543}.Debug|ARM.Build.0 = Debug|ARM
		{577AFBE5-8C66-4451-BB42-955826455543}.Debug|ARM.Deploy.0 = Debug|ARM
		{577AFBE5-8C66-4451-BB42-955826455543}.Debug|x64.ActiveCfg = Debug|x64
		{577AFBE5-8C66-4451-BB42-955826455543}.Debug|x64.Build.0 = Debug|x64
		{577AFBE5-8C66-4451-BB42-955826455543}.Debug|x64.Deploy.0 = Debug|x64
		{577AFBE5-8C66-4451-BB42-955826455543}.Debug|x86.ActiveCfg = Debug|x86
		{577AFBE5-8C66-4451-BB42-955826455543}.Debug|x86.Build.0 = Debug|x86
		{577AFBE5-8C66-4451-BB42-955826455543}.Debug|x86.Deploy.0 = Debug|x86
		{577AFBE5-8C66-4451-BB42-955826455543}.Release|ARM.ActiveCfg = Release|ARM
		{577AFBE5-8C66-4451-BB42-955826455543}.Release|ARM.Build.0 = Release|ARM
		{577AFBE5-8C66-4451-BB42-955826455543}.Release|ARM.Deploy.0 = Release|ARM
		{577AFBE5-8C66-4451-BB42-955826455543}.Release|x64.ActiveCfg = Release|x64
		{577AFBE5-8C66-4451-BB42-955826455543}.Release|x64.Build.0 = Release|x64
		{577AFBE5-8C66-4451-BB42-955826455543}.Release|x64.Deploy.0 = Release|x64
		{577AFBE5-8C66-4451-BB42-955826455543}.Release|x86.ActiveCfg = Release|x86
		{577AFBE5-8C66-4451-BB42-955826455543}.Release|x86.Build.0 = Release|x86
		{577AFBE5-8C66-4451-BB42-955826455543}.Release|x86.Deploy.0 = Release|x86
	EndGlobalSection
	GlobalSection(SolutionProperties) = preSolution
		HideSolutionNode = FALSE
	EndGlobalSection
	GlobalSection(ExtensibilityGlobals) = postSolution
		SolutionGuid = {6495CD70-4772-447F-8DD6-81C70A36440A}
	EndGlobalSection
EndGlobal
