
Microsoft Visual Studio Solution File, Format Version 12.00
# Visual Studio 15
VisualStudioVersion = 15.0.26730.15
MinimumVisualStudioVersion = 10.0.40219.1
Project("{FAE04EC0-301F-11D3-BF4B-00C04F79EFBC}") = "VariableSizeWrapGridConImagenes", "VariableSizeWrapGridConImagenes\VariableSizeWrapGridConImagenes.csproj", "{FD9EC998-207D-4E27-9A75-A2239E63383D}"
EndProject
Global
	GlobalSection(SolutionConfigurationPlatforms) = preSolution
		Debug|ARM = Debug|ARM
		Debug|x64 = Debug|x64
		Debug|x86 = Debug|x86
		Release|ARM = Release|ARM
		Release|x64 = Release|x64
		Release|x86 = Release|x86
	EndGlobalSection
	GlobalSection(ProjectConfigurationPlatforms) = postSolution
		{FD9EC998-207D-4E27-9A75-A2239E63383D}.Debug|ARM.ActiveCfg = Debug|ARM
		{FD9EC998-207D-4E27-9A75-A2239E63383D}.Debug|ARM.Build.0 = Debug|ARM
		{FD9EC998-207D-4E27-9A75-A2239E63383D}.Debug|ARM.Deploy.0 = Debug|ARM
		{FD9EC998-207D-4E27-9A75-A2239E63383D}.Debug|x64.ActiveCfg = Debug|x64
		{FD9EC998-207D-4E27-9A75-A2239E63383D}.Debug|x64.Build.0 = Debug|x64
		{FD9EC998-207D-4E27-9A75-A2239E63383D}.Debug|x64.Deploy.0 = Debug|x64
		{FD9EC998-207D-4E27-9A75-A2239E63383D}.Debug|x86.ActiveCfg = Debug|x86
		{FD9EC998-207D-4E27-9A75-A2239E63383D}.Debug|x86.Build.0 = Debug|x86
		{FD9EC998-207D-4E27-9A75-A2239E63383D}.Debug|x86.Deploy.0 = Debug|x86
		{FD9EC998-207D-4E27-9A75-A2239E63383D}.Release|ARM.ActiveCfg = Release|ARM
		{FD9EC998-207D-4E27-9A75-A2239E63383D}.Release|ARM.Build.0 = Release|ARM
		{FD9EC998-207D-4E27-9A75-A2239E63383D}.Release|ARM.Deploy.0 = Release|ARM
		{FD9EC998-207D-4E27-9A75-A2239E63383D}.Release|x64.ActiveCfg = Release|x64
		{FD9EC998-207D-4E27-9A75-A2239E63383D}.Release|x64.Build.0 = Release|x64
		{FD9EC998-207D-4E27-9A75-A2239E63383D}.Release|x64.Deploy.0 = Release|x64
		{FD9EC998-207D-4E27-9A75-A2239E63383D}.Release|x86.ActiveCfg = Release|x86
		{FD9EC998-207D-4E27-9A75-A2239E63383D}.Release|x86.Build.0 = Release|x86
		{FD9EC998-207D-4E27-9A75-A2239E63383D}.Release|x86.Deploy.0 = Release|x86
	EndGlobalSection
	GlobalSection(SolutionProperties) = preSolution
		HideSolutionNode = FALSE
	EndGlobalSection
	GlobalSection(ExtensibilityGlobals) = postSolution
		SolutionGuid = {564A7EA1-7E0C-4AFA-AB96-97A6B4DCF1E7}
	EndGlobalSection
EndGlobal
