
Microsoft Visual Studio Solution File, Format Version 12.00
# Visual Studio 15
VisualStudioVersion = 15.0.27004.2010
MinimumVisualStudioVersion = 10.0.40219.1
Project("{FAE04EC0-301F-11D3-BF4B-00C04F79EFBC}") = "CRUD-Personas-BL", "CRUD-Personas-BL\CRUD-Personas-BL.csproj", "{01444D64-71DF-44BB-8500-EE615FDA7A30}"
EndProject
Project("{FAE04EC0-301F-11D3-BF4B-00C04F79EFBC}") = "CRUD-Personas-DAL", "CRUD-Personas-DAL\CRUD-Personas-DAL.csproj", "{689142CA-5789-4837-902A-5EFD41B335EC}"
EndProject
Project("{FAE04EC0-301F-11D3-BF4B-00C04F79EFBC}") = "CRUD-Personas-Entidades", "CRUD-Personas-Entidades\CRUD-Personas-Entidades.csproj", "{96917F5D-262F-43DE-B87D-1D7EBC96C6AD}"
EndProject
Project("{FAE04EC0-301F-11D3-BF4B-00C04F79EFBC}") = "CRUD-Personas-UI", "CRUD-Personas-UI\CRUD-Personas-UI.csproj", "{11A8BC1B-5122-4AF8-BD3E-A2B2DE4C67FA}"
EndProject
Global
	GlobalSection(SolutionConfigurationPlatforms) = preSolution
		Debug|ARM = Debug|ARM
		Debug|x64 = Debug|x64
		Debug|x86 = Debug|x86
		Release|ARM = Release|ARM
		Release|x64 = Release|x64
		Release|x86 = Release|x86
	EndGlobalSection
	GlobalSection(ProjectConfigurationPlatforms) = postSolution
		{01444D64-71DF-44BB-8500-EE615FDA7A30}.Debug|ARM.ActiveCfg = Debug|ARM
		{01444D64-71DF-44BB-8500-EE615FDA7A30}.Debug|ARM.Build.0 = Debug|ARM
		{01444D64-71DF-44BB-8500-EE615FDA7A30}.Debug|ARM.Deploy.0 = Debug|ARM
		{01444D64-71DF-44BB-8500-EE615FDA7A30}.Debug|x64.ActiveCfg = Debug|x64
		{01444D64-71DF-44BB-8500-EE615FDA7A30}.Debug|x64.Build.0 = Debug|x64
		{01444D64-71DF-44BB-8500-EE615FDA7A30}.Debug|x64.Deploy.0 = Debug|x64
		{01444D64-71DF-44BB-8500-EE615FDA7A30}.Debug|x86.ActiveCfg = Debug|x86
		{01444D64-71DF-44BB-8500-EE615FDA7A30}.Debug|x86.Build.0 = Debug|x86
		{01444D64-71DF-44BB-8500-EE615FDA7A30}.Debug|x86.Deploy.0 = Debug|x86
		{01444D64-71DF-44BB-8500-EE615FDA7A30}.Release|ARM.ActiveCfg = Release|ARM
		{01444D64-71DF-44BB-8500-EE615FDA7A30}.Release|ARM.Build.0 = Release|ARM
		{01444D64-71DF-44BB-8500-EE615FDA7A30}.Release|ARM.Deploy.0 = Release|ARM
		{01444D64-71DF-44BB-8500-EE615FDA7A30}.Release|x64.ActiveCfg = Release|x64
		{01444D64-71DF-44BB-8500-EE615FDA7A30}.Release|x64.Build.0 = Release|x64
		{01444D64-71DF-44BB-8500-EE615FDA7A30}.Release|x64.Deploy.0 = Release|x64
		{01444D64-71DF-44BB-8500-EE615FDA7A30}.Release|x86.ActiveCfg = Release|x86
		{01444D64-71DF-44BB-8500-EE615FDA7A30}.Release|x86.Build.0 = Release|x86
		{01444D64-71DF-44BB-8500-EE615FDA7A30}.Release|x86.Deploy.0 = Release|x86
		{689142CA-5789-4837-902A-5EFD41B335EC}.Debug|ARM.ActiveCfg = Debug|ARM
		{689142CA-5789-4837-902A-5EFD41B335EC}.Debug|ARM.Build.0 = Debug|ARM
		{689142CA-5789-4837-902A-5EFD41B335EC}.Debug|ARM.Deploy.0 = Debug|ARM
		{689142CA-5789-4837-902A-5EFD41B335EC}.Debug|x64.ActiveCfg = Debug|x64
		{689142CA-5789-4837-902A-5EFD41B335EC}.Debug|x64.Build.0 = Debug|x64
		{689142CA-5789-4837-902A-5EFD41B335EC}.Debug|x64.Deploy.0 = Debug|x64
		{689142CA-5789-4837-902A-5EFD41B335EC}.Debug|x86.ActiveCfg = Debug|x86
		{689142CA-5789-4837-902A-5EFD41B335EC}.Debug|x86.Build.0 = Debug|x86
		{689142CA-5789-4837-902A-5EFD41B335EC}.Debug|x86.Deploy.0 = Debug|x86
		{689142CA-5789-4837-902A-5EFD41B335EC}.Release|ARM.ActiveCfg = Release|ARM
		{689142CA-5789-4837-902A-5EFD41B335EC}.Release|ARM.Build.0 = Release|ARM
		{689142CA-5789-4837-902A-5EFD41B335EC}.Release|ARM.Deploy.0 = Release|ARM
		{689142CA-5789-4837-902A-5EFD41B335EC}.Release|x64.ActiveCfg = Release|x64
		{689142CA-5789-4837-902A-5EFD41B335EC}.Release|x64.Build.0 = Release|x64
		{689142CA-5789-4837-902A-5EFD41B335EC}.Release|x64.Deploy.0 = Release|x64
		{689142CA-5789-4837-902A-5EFD41B335EC}.Release|x86.ActiveCfg = Release|x86
		{689142CA-5789-4837-902A-5EFD41B335EC}.Release|x86.Build.0 = Release|x86
		{689142CA-5789-4837-902A-5EFD41B335EC}.Release|x86.Deploy.0 = Release|x86
		{96917F5D-262F-43DE-B87D-1D7EBC96C6AD}.Debug|ARM.ActiveCfg = Debug|ARM
		{96917F5D-262F-43DE-B87D-1D7EBC96C6AD}.Debug|ARM.Build.0 = Debug|ARM
		{96917F5D-262F-43DE-B87D-1D7EBC96C6AD}.Debug|ARM.Deploy.0 = Debug|ARM
		{96917F5D-262F-43DE-B87D-1D7EBC96C6AD}.Debug|x64.ActiveCfg = Debug|x64
		{96917F5D-262F-43DE-B87D-1D7EBC96C6AD}.Debug|x64.Build.0 = Debug|x64
		{96917F5D-262F-43DE-B87D-1D7EBC96C6AD}.Debug|x64.Deploy.0 = Debug|x64
		{96917F5D-262F-43DE-B87D-1D7EBC96C6AD}.Debug|x86.ActiveCfg = Debug|x86
		{96917F5D-262F-43DE-B87D-1D7EBC96C6AD}.Debug|x86.Build.0 = Debug|x86
		{96917F5D-262F-43DE-B87D-1D7EBC96C6AD}.Debug|x86.Deploy.0 = Debug|x86
		{96917F5D-262F-43DE-B87D-1D7EBC96C6AD}.Release|ARM.ActiveCfg = Release|ARM
		{96917F5D-262F-43DE-B87D-1D7EBC96C6AD}.Release|ARM.Build.0 = Release|ARM
		{96917F5D-262F-43DE-B87D-1D7EBC96C6AD}.Release|ARM.Deploy.0 = Release|ARM
		{96917F5D-262F-43DE-B87D-1D7EBC96C6AD}.Release|x64.ActiveCfg = Release|x64
		{96917F5D-262F-43DE-B87D-1D7EBC96C6AD}.Release|x64.Build.0 = Release|x64
		{96917F5D-262F-43DE-B87D-1D7EBC96C6AD}.Release|x64.Deploy.0 = Release|x64
		{96917F5D-262F-43DE-B87D-1D7EBC96C6AD}.Release|x86.ActiveCfg = Release|x86
		{96917F5D-262F-43DE-B87D-1D7EBC96C6AD}.Release|x86.Build.0 = Release|x86
		{96917F5D-262F-43DE-B87D-1D7EBC96C6AD}.Release|x86.Deploy.0 = Release|x86
		{11A8BC1B-5122-4AF8-BD3E-A2B2DE4C67FA}.Debug|ARM.ActiveCfg = Debug|ARM
		{11A8BC1B-5122-4AF8-BD3E-A2B2DE4C67FA}.Debug|ARM.Build.0 = Debug|ARM
		{11A8BC1B-5122-4AF8-BD3E-A2B2DE4C67FA}.Debug|ARM.Deploy.0 = Debug|ARM
		{11A8BC1B-5122-4AF8-BD3E-A2B2DE4C67FA}.Debug|x64.ActiveCfg = Debug|x64
		{11A8BC1B-5122-4AF8-BD3E-A2B2DE4C67FA}.Debug|x64.Build.0 = Debug|x64
		{11A8BC1B-5122-4AF8-BD3E-A2B2DE4C67FA}.Debug|x64.Deploy.0 = Debug|x64
		{11A8BC1B-5122-4AF8-BD3E-A2B2DE4C67FA}.Debug|x86.ActiveCfg = Debug|x86
		{11A8BC1B-5122-4AF8-BD3E-A2B2DE4C67FA}.Debug|x86.Build.0 = Debug|x86
		{11A8BC1B-5122-4AF8-BD3E-A2B2DE4C67FA}.Debug|x86.Deploy.0 = Debug|x86
		{11A8BC1B-5122-4AF8-BD3E-A2B2DE4C67FA}.Release|ARM.ActiveCfg = Release|ARM
		{11A8BC1B-5122-4AF8-BD3E-A2B2DE4C67FA}.Release|ARM.Build.0 = Release|ARM
		{11A8BC1B-5122-4AF8-BD3E-A2B2DE4C67FA}.Release|ARM.Deploy.0 = Release|ARM
		{11A8BC1B-5122-4AF8-BD3E-A2B2DE4C67FA}.Release|x64.ActiveCfg = Release|x64
		{11A8BC1B-5122-4AF8-BD3E-A2B2DE4C67FA}.Release|x64.Build.0 = Release|x64
		{11A8BC1B-5122-4AF8-BD3E-A2B2DE4C67FA}.Release|x64.Deploy.0 = Release|x64
		{11A8BC1B-5122-4AF8-BD3E-A2B2DE4C67FA}.Release|x86.ActiveCfg = Release|x86
		{11A8BC1B-5122-4AF8-BD3E-A2B2DE4C67FA}.Release|x86.Build.0 = Release|x86
		{11A8BC1B-5122-4AF8-BD3E-A2B2DE4C67FA}.Release|x86.Deploy.0 = Release|x86
	EndGlobalSection
	GlobalSection(SolutionProperties) = preSolution
		HideSolutionNode = FALSE
	EndGlobalSection
	GlobalSection(ExtensibilityGlobals) = postSolution
		SolutionGuid = {6E85AD06-6084-4F2B-968F-6FD990EE29E5}
	EndGlobalSection
EndGlobal
