
Microsoft Visual Studio Solution File, Format Version 12.00
# Visual Studio 15
VisualStudioVersion = 15.0.27004.2010
MinimumVisualStudioVersion = 10.0.40219.1
Project("{FAE04EC0-301F-11D3-BF4B-00C04F79EFBC}") = "TirandoDeDataBase_UI", "TirandoDeDataBase_UI\TirandoDeDataBase_UI.csproj", "{B1040819-0DFD-487D-A60B-57E9AD28F4DA}"
EndProject
Project("{FAE04EC0-301F-11D3-BF4B-00C04F79EFBC}") = "TirandoDeDataBase_Entidades", "TirandoDeDataBase_Entidades\TirandoDeDataBase_Entidades.csproj", "{BC8CCCA8-5964-480F-92EB-B11C7A2D5CC7}"
EndProject
Project("{FAE04EC0-301F-11D3-BF4B-00C04F79EFBC}") = "TirandoDeDataBase_DAL", "TirandoDeDataBase_DAL\TirandoDeDataBase_DAL.csproj", "{A653BA05-CE12-4E1E-BBCB-6EBC4CF000B3}"
EndProject
Project("{FAE04EC0-301F-11D3-BF4B-00C04F79EFBC}") = "TirandoDeDataBase_BL", "TirandoDeDataBase_BL\TirandoDeDataBase_BL.csproj", "{A489942E-AFD7-4AC7-9B50-88B890ED857D}"
EndProject
Global
	GlobalSection(SolutionConfigurationPlatforms) = preSolution
		Debug|Any CPU = Debug|Any CPU
		Debug|ARM = Debug|ARM
		Debug|x64 = Debug|x64
		Debug|x86 = Debug|x86
		Release|Any CPU = Release|Any CPU
		Release|ARM = Release|ARM
		Release|x64 = Release|x64
		Release|x86 = Release|x86
	EndGlobalSection
	GlobalSection(ProjectConfigurationPlatforms) = postSolution
		{B1040819-0DFD-487D-A60B-57E9AD28F4DA}.Debug|Any CPU.ActiveCfg = Debug|Any CPU
		{B1040819-0DFD-487D-A60B-57E9AD28F4DA}.Debug|Any CPU.Build.0 = Debug|Any CPU
		{B1040819-0DFD-487D-A60B-57E9AD28F4DA}.Debug|ARM.ActiveCfg = Debug|ARM
		{B1040819-0DFD-487D-A60B-57E9AD28F4DA}.Debug|ARM.Build.0 = Debug|ARM
		{B1040819-0DFD-487D-A60B-57E9AD28F4DA}.Debug|x64.ActiveCfg = Debug|x64
		{B1040819-0DFD-487D-A60B-57E9AD28F4DA}.Debug|x64.Build.0 = Debug|x64
		{B1040819-0DFD-487D-A60B-57E9AD28F4DA}.Debug|x86.ActiveCfg = Debug|x86
		{B1040819-0DFD-487D-A60B-57E9AD28F4DA}.Debug|x86.Build.0 = Debug|x86
		{B1040819-0DFD-487D-A60B-57E9AD28F4DA}.Release|Any CPU.ActiveCfg = Release|Any CPU
		{B1040819-0DFD-487D-A60B-57E9AD28F4DA}.Release|Any CPU.Build.0 = Release|Any CPU
		{B1040819-0DFD-487D-A60B-57E9AD28F4DA}.Release|ARM.ActiveCfg = Release|ARM
		{B1040819-0DFD-487D-A60B-57E9AD28F4DA}.Release|ARM.Build.0 = Release|ARM
		{B1040819-0DFD-487D-A60B-57E9AD28F4DA}.Release|x64.ActiveCfg = Release|x64
		{B1040819-0DFD-487D-A60B-57E9AD28F4DA}.Release|x64.Build.0 = Release|x64
		{B1040819-0DFD-487D-A60B-57E9AD28F4DA}.Release|x86.ActiveCfg = Release|x86
		{B1040819-0DFD-487D-A60B-57E9AD28F4DA}.Release|x86.Build.0 = Release|x86
		{BC8CCCA8-5964-480F-92EB-B11C7A2D5CC7}.Debug|Any CPU.ActiveCfg = Debug|Any CPU
		{BC8CCCA8-5964-480F-92EB-B11C7A2D5CC7}.Debug|Any CPU.Build.0 = Debug|Any CPU
		{BC8CCCA8-5964-480F-92EB-B11C7A2D5CC7}.Debug|ARM.ActiveCfg = Debug|ARM
		{BC8CCCA8-5964-480F-92EB-B11C7A2D5CC7}.Debug|ARM.Build.0 = Debug|ARM
		{BC8CCCA8-5964-480F-92EB-B11C7A2D5CC7}.Debug|x64.ActiveCfg = Debug|x64
		{BC8CCCA8-5964-480F-92EB-B11C7A2D5CC7}.Debug|x64.Build.0 = Debug|x64
		{BC8CCCA8-5964-480F-92EB-B11C7A2D5CC7}.Debug|x86.ActiveCfg = Debug|x86
		{BC8CCCA8-5964-480F-92EB-B11C7A2D5CC7}.Debug|x86.Build.0 = Debug|x86
		{BC8CCCA8-5964-480F-92EB-B11C7A2D5CC7}.Release|Any CPU.ActiveCfg = Release|Any CPU
		{BC8CCCA8-5964-480F-92EB-B11C7A2D5CC7}.Release|Any CPU.Build.0 = Release|Any CPU
		{BC8CCCA8-5964-480F-92EB-B11C7A2D5CC7}.Release|ARM.ActiveCfg = Release|ARM
		{BC8CCCA8-5964-480F-92EB-B11C7A2D5CC7}.Release|ARM.Build.0 = Release|ARM
		{BC8CCCA8-5964-480F-92EB-B11C7A2D5CC7}.Release|x64.ActiveCfg = Release|x64
		{BC8CCCA8-5964-480F-92EB-B11C7A2D5CC7}.Release|x64.Build.0 = Release|x64
		{BC8CCCA8-5964-480F-92EB-B11C7A2D5CC7}.Release|x86.ActiveCfg = Release|x86
		{BC8CCCA8-5964-480F-92EB-B11C7A2D5CC7}.Release|x86.Build.0 = Release|x86
		{A653BA05-CE12-4E1E-BBCB-6EBC4CF000B3}.Debug|Any CPU.ActiveCfg = Debug|Any CPU
		{A653BA05-CE12-4E1E-BBCB-6EBC4CF000B3}.Debug|Any CPU.Build.0 = Debug|Any CPU
		{A653BA05-CE12-4E1E-BBCB-6EBC4CF000B3}.Debug|ARM.ActiveCfg = Debug|ARM
		{A653BA05-CE12-4E1E-BBCB-6EBC4CF000B3}.Debug|ARM.Build.0 = Debug|ARM
		{A653BA05-CE12-4E1E-BBCB-6EBC4CF000B3}.Debug|x64.ActiveCfg = Debug|x64
		{A653BA05-CE12-4E1E-BBCB-6EBC4CF000B3}.Debug|x64.Build.0 = Debug|x64
		{A653BA05-CE12-4E1E-BBCB-6EBC4CF000B3}.Debug|x86.ActiveCfg = Debug|x86
		{A653BA05-CE12-4E1E-BBCB-6EBC4CF000B3}.Debug|x86.Build.0 = Debug|x86
		{A653BA05-CE12-4E1E-BBCB-6EBC4CF000B3}.Release|Any CPU.ActiveCfg = Release|Any CPU
		{A653BA05-CE12-4E1E-BBCB-6EBC4CF000B3}.Release|Any CPU.Build.0 = Release|Any CPU
		{A653BA05-CE12-4E1E-BBCB-6EBC4CF000B3}.Release|ARM.ActiveCfg = Release|ARM
		{A653BA05-CE12-4E1E-BBCB-6EBC4CF000B3}.Release|ARM.Build.0 = Release|ARM
		{A653BA05-CE12-4E1E-BBCB-6EBC4CF000B3}.Release|x64.ActiveCfg = Release|x64
		{A653BA05-CE12-4E1E-BBCB-6EBC4CF000B3}.Release|x64.Build.0 = Release|x64
		{A653BA05-CE12-4E1E-BBCB-6EBC4CF000B3}.Release|x86.ActiveCfg = Release|x86
		{A653BA05-CE12-4E1E-BBCB-6EBC4CF000B3}.Release|x86.Build.0 = Release|x86
		{A489942E-AFD7-4AC7-9B50-88B890ED857D}.Debug|Any CPU.ActiveCfg = Debug|Any CPU
		{A489942E-AFD7-4AC7-9B50-88B890ED857D}.Debug|Any CPU.Build.0 = Debug|Any CPU
		{A489942E-AFD7-4AC7-9B50-88B890ED857D}.Debug|ARM.ActiveCfg = Debug|ARM
		{A489942E-AFD7-4AC7-9B50-88B890ED857D}.Debug|ARM.Build.0 = Debug|ARM
		{A489942E-AFD7-4AC7-9B50-88B890ED857D}.Debug|x64.ActiveCfg = Debug|x64
		{A489942E-AFD7-4AC7-9B50-88B890ED857D}.Debug|x64.Build.0 = Debug|x64
		{A489942E-AFD7-4AC7-9B50-88B890ED857D}.Debug|x86.ActiveCfg = Debug|x86
		{A489942E-AFD7-4AC7-9B50-88B890ED857D}.Debug|x86.Build.0 = Debug|x86
		{A489942E-AFD7-4AC7-9B50-88B890ED857D}.Release|Any CPU.ActiveCfg = Release|Any CPU
		{A489942E-AFD7-4AC7-9B50-88B890ED857D}.Release|Any CPU.Build.0 = Release|Any CPU
		{A489942E-AFD7-4AC7-9B50-88B890ED857D}.Release|ARM.ActiveCfg = Release|ARM
		{A489942E-AFD7-4AC7-9B50-88B890ED857D}.Release|ARM.Build.0 = Release|ARM
		{A489942E-AFD7-4AC7-9B50-88B890ED857D}.Release|x64.ActiveCfg = Release|x64
		{A489942E-AFD7-4AC7-9B50-88B890ED857D}.Release|x64.Build.0 = Release|x64
		{A489942E-AFD7-4AC7-9B50-88B890ED857D}.Release|x86.ActiveCfg = Release|x86
		{A489942E-AFD7-4AC7-9B50-88B890ED857D}.Release|x86.Build.0 = Release|x86
	EndGlobalSection
	GlobalSection(SolutionProperties) = preSolution
		HideSolutionNode = FALSE
	EndGlobalSection
	GlobalSection(ExtensibilityGlobals) = postSolution
		SolutionGuid = {6A1E4D42-AC08-474C-B651-1214EF12DB93}
	EndGlobalSection
EndGlobal
